
Microsoft Visual Studio Solution File, Format Version 12.00
# Visual Studio Version 16
VisualStudioVersion = 16.0.29609.76
MinimumVisualStudioVersion = 10.0.40219.1
Project("{FAE04EC0-301F-11D3-BF4B-00C04F79EFBC}") = "FinalProject", "FinalProject\FinalProject.csproj", "{699348DC-FC85-4B3A-AAB2-5A66F39D0935}"
EndProject
Global
	GlobalSection(SolutionConfigurationPlatforms) = preSolution
		Debug|Any CPU = Debug|Any CPU
		Release|Any CPU = Release|Any CPU
	EndGlobalSection
	GlobalSection(ProjectConfigurationPlatforms) = postSolution
		{699348DC-FC85-4B3A-AAB2-5A66F39D0935}.Debug|Any CPU.ActiveCfg = Debug|Any CPU
		{699348DC-FC85-4B3A-AAB2-5A66F39D0935}.Debug|Any CPU.Build.0 = Debug|Any CPU
		{699348DC-FC85-4B3A-AAB2-5A66F39D0935}.Release|Any CPU.ActiveCfg = Release|Any CPU
		{699348DC-FC85-4B3A-AAB2-5A66F39D0935}.Release|Any CPU.Build.0 = Release|Any CPU
	EndGlobalSection
	GlobalSection(SolutionProperties) = preSolution
		HideSolutionNode = FALSE
	EndGlobalSection
	GlobalSection(ExtensibilityGlobals) = postSolution
		SolutionGuid = {6E2C1B19-11C2-4507-ACCE-86B85337B36F}
	EndGlobalSection
EndGlobal
